
Microsoft Visual Studio Solution File, Format Version 12.00
# Visual Studio 15
Project("{FAE04EC0-301F-11D3-BF4B-00C04F79EFBC}") = "Assembly-CSharp", "Assembly-CSharp.csproj", "{A9E16BDF-2528-1355-B0A9-56DEB3284FFD}"
EndProject
Project("{FAE04EC0-301F-11D3-BF4B-00C04F79EFBC}") = "Assembly-CSharp-Editor", "Assembly-CSharp-Editor.csproj", "{DA470D2A-F2B0-7CC5-A848-A767DE4971B7}"
EndProject
Global
	GlobalSection(SolutionConfigurationPlatforms) = preSolution
		Debug|Any CPU = Debug|Any CPU
		Release|Any CPU = Release|Any CPU
	EndGlobalSection
	GlobalSection(ProjectConfigurationPlatforms) = postSolution
		{A9E16BDF-2528-1355-B0A9-56DEB3284FFD}.Debug|Any CPU.ActiveCfg = Debug|Any CPU
		{A9E16BDF-2528-1355-B0A9-56DEB3284FFD}.Debug|Any CPU.Build.0 = Debug|Any CPU
		{A9E16BDF-2528-1355-B0A9-56DEB3284FFD}.Release|Any CPU.ActiveCfg = Release|Any CPU
		{A9E16BDF-2528-1355-B0A9-56DEB3284FFD}.Release|Any CPU.Build.0 = Release|Any CPU
		{DA470D2A-F2B0-7CC5-A848-A767DE4971B7}.Debug|Any CPU.ActiveCfg = Debug|Any CPU
		{DA470D2A-F2B0-7CC5-A848-A767DE4971B7}.Debug|Any CPU.Build.0 = Debug|Any CPU
		{DA470D2A-F2B0-7CC5-A848-A767DE4971B7}.Release|Any CPU.ActiveCfg = Release|Any CPU
		{DA470D2A-F2B0-7CC5-A848-A767DE4971B7}.Release|Any CPU.Build.0 = Release|Any CPU
	EndGlobalSection
	GlobalSection(SolutionProperties) = preSolution
		HideSolutionNode = FALSE
	EndGlobalSection
EndGlobal
